
Microsoft Visual Studio Solution File, Format Version 12.00
# Visual Studio 15
VisualStudioVersion = 15.0.26430.14
MinimumVisualStudioVersion = 10.0.40219.1
Project("{FAE04EC0-301F-11D3-BF4B-00C04F79EFBC}") = "App2-7iul17", "App2-7iul17\App2-7iul17.csproj", "{FB9A877B-912E-4948-9CA8-AC6C9965BC39}"
EndProject
Global
	GlobalSection(SolutionConfigurationPlatforms) = preSolution
		Debug|Any CPU = Debug|Any CPU
		Release|Any CPU = Release|Any CPU
	EndGlobalSection
	GlobalSection(ProjectConfigurationPlatforms) = postSolution
		{FB9A877B-912E-4948-9CA8-AC6C9965BC39}.Debug|Any CPU.ActiveCfg = Debug|Any CPU
		{FB9A877B-912E-4948-9CA8-AC6C9965BC39}.Debug|Any CPU.Build.0 = Debug|Any CPU
		{FB9A877B-912E-4948-9CA8-AC6C9965BC39}.Release|Any CPU.ActiveCfg = Release|Any CPU
		{FB9A877B-912E-4948-9CA8-AC6C9965BC39}.Release|Any CPU.Build.0 = Release|Any CPU
	EndGlobalSection
	GlobalSection(SolutionProperties) = preSolution
		HideSolutionNode = FALSE
	EndGlobalSection
EndGlobal
